// !$*UTF8*$!
{
	archiveVersion = 1;
	classes = {
	};
	objectVersion = 55;
	objects = {

/* Begin PBXBuildFile section */
		A6A7134B2709E8060088E169 /* scan_audio.wav in Resources */ = {isa = PBXBuildFile; fileRef = A6A7134A2709E8060088E169 /* scan_audio.wav */; };
		A6FEC1AF27095F88008EF3C8 /* AppDelegate.swift in Sources */ = {isa = PBXBuildFile; fileRef = A6FEC1AE27095F88008EF3C8 /* AppDelegate.swift */; };
		A6FEC1B327095F88008EF3C8 /* ViewController.swift in Sources */ = {isa = PBXBuildFile; fileRef = A6FEC1B227095F88008EF3C8 /* ViewController.swift */; };
		A6FEC1B827095F89008EF3C8 /* Assets.xcassets in Resources */ = {isa = PBXBuildFile; fileRef = A6FEC1B727095F89008EF3C8 /* Assets.xcassets */; };
		A6FEC1BB27095F89008EF3C8 /* LaunchScreen.storyboard in Resources */ = {isa = PBXBuildFile; fileRef = A6FEC1B927095F89008EF3C8 /* LaunchScreen.storyboard */; };
		A6FEC1C327096090008EF3C8 /* HandyScannerViewController.swift in Sources */ = {isa = PBXBuildFile; fileRef = A6FEC1C227096090008EF3C8 /* HandyScannerViewController.swift */; };
/* End PBXBuildFile section */

/* Begin PBXFileReference section */
		A678846B270AD2CB0039562D /* HandyScannerSDK.framework */ = {isa = PBXFileReference; lastKnownFileType = wrapper.framework; name = HandyScannerSDK.framework; path = ../../lib/HandyScannerSDK.framework; sourceTree = "<group>"; };
		A6A7134A2709E8060088E169 /* scan_audio.wav */ = {isa = PBXFileReference; lastKnownFileType = audio.wav; path = scan_audio.wav; sourceTree = "<group>"; };
		A6FEC1AB27095F88008EF3C8 /* HandyScanner.app */ = {isa = PBXFileReference; explicitFileType = wrapper.application; includeInIndex = 0; path = HandyScanner.app; sourceTree = BUILT_PRODUCTS_DIR; };
		A6FEC1AE27095F88008EF3C8 /* AppDelegate.swift */ = {isa = PBXFileReference; lastKnownFileType = sourcecode.swift; path = AppDelegate.swift; sourceTree = "<group>"; };
		A6FEC1B227095F88008EF3C8 /* ViewController.swift */ = {isa = PBXFileReference; lastKnownFileType = sourcecode.swift; path = ViewController.swift; sourceTree = "<group>"; };
		A6FEC1B727095F89008EF3C8 /* Assets.xcassets */ = {isa = PBXFileReference; lastKnownFileType = folder.assetcatalog; path = Assets.xcassets; sourceTree = "<group>"; };
		A6FEC1BA27095F89008EF3C8 /* Base */ = {isa = PBXFileReference; lastKnownFileType = file.storyboard; name = Base; path = Base.lproj/LaunchScreen.storyboard; sourceTree = "<group>"; };
		A6FEC1BC27095F89008EF3C8 /* Info.plist */ = {isa = PBXFileReference; lastKnownFileType = text.plist.xml; path = Info.plist; sourceTree = "<group>"; };
		A6FEC1C227096090008EF3C8 /* HandyScannerViewController.swift */ = {isa = PBXFileReference; lastKnownFileType = sourcecode.swift; path = HandyScannerViewController.swift; sourceTree = "<group>"; };
/* End PBXFileReference section */

/* Begin PBXFrameworksBuildPhase section */
		A6FEC1A827095F88008EF3C8 /* Frameworks */ = {
			isa = PBXFrameworksBuildPhase;
			buildActionMask = 2147483647;
			files = (
			);
			runOnlyForDeploymentPostprocessing = 0;
		};
/* End PBXFrameworksBuildPhase section */

/* Begin PBXGroup section */
		A678846A270AD2CB0039562D /* Frameworks */ = {
			isa = PBXGroup;
			children = (
				A678846B270AD2CB0039562D /* HandyScannerSDK.framework */,
			);
			name = Frameworks;
			sourceTree = "<group>";
		};
		A6FEC1A227095F88008EF3C8 = {
			isa = PBXGroup;
			children = (
				A6FEC1AD27095F88008EF3C8 /* HandyScanner */,
				A6FEC1AC27095F88008EF3C8 /* Products */,
				A678846A270AD2CB0039562D /* Frameworks */,
			);
			sourceTree = "<group>";
		};
		A6FEC1AC27095F88008EF3C8 /* Products */ = {
			isa = PBXGroup;
			children = (
				A6FEC1AB27095F88008EF3C8 /* HandyScanner.app */,
			);
			name = Products;
			sourceTree = "<group>";
		};
		A6FEC1AD27095F88008EF3C8 /* HandyScanner */ = {
			isa = PBXGroup;
			children = (
				A6FEC1AE27095F88008EF3C8 /* AppDelegate.swift */,
				A6FEC1B227095F88008EF3C8 /* ViewController.swift */,
				A6FEC1C227096090008EF3C8 /* HandyScannerViewController.swift */,
				A6FEC1B727095F89008EF3C8 /* Assets.xcassets */,
				A6A7134A2709E8060088E169 /* scan_audio.wav */,
				A6FEC1B927095F89008EF3C8 /* LaunchScreen.storyboard */,
				A6FEC1BC27095F89008EF3C8 /* Info.plist */,
			);
			path = HandyScanner;
			sourceTree = "<group>";
		};
/* End PBXGroup section */

/* Begin PBXNativeTarget section */
		A6FEC1AA27095F88008EF3C8 /* HandyScanner */ = {
			isa = PBXNativeTarget;
			buildConfigurationList = A6FEC1BF27095F89008EF3C8 /* Build configuration list for PBXNativeTarget "HandyScanner" */;
			buildPhases = (
				A6FEC1A727095F88008EF3C8 /* Sources */,
				A6FEC1A827095F88008EF3C8 /* Frameworks */,
				A6FEC1A927095F88008EF3C8 /* Resources */,
			);
			buildRules = (
			);
			dependencies = (
			);
			name = HandyScanner;
			productName = HandyScanner;
			productReference = A6FEC1AB27095F88008EF3C8 /* HandyScanner.app */;
			productType = "com.apple.product-type.application";
		};
/* End PBXNativeTarget section */

/* Begin PBXProject section */
		A6FEC1A327095F88008EF3C8 /* Project object */ = {
			isa = PBXProject;
			attributes = {
				BuildIndependentTargetsInParallel = 1;
				LastSwiftUpdateCheck = 1300;
				LastUpgradeCheck = 1300;
				TargetAttributes = {
					A6FEC1AA27095F88008EF3C8 = {
						CreatedOnToolsVersion = 13.0;
					};
				};
			};
			buildConfigurationList = A6FEC1A627095F88008EF3C8 /* Build configuration list for PBXProject "HandyScanner" */;
			compatibilityVersion = "Xcode 13.0";
			developmentRegion = en;
			hasScannedForEncodings = 0;
			knownRegions = (
				en,
				Base,
			);
			mainGroup = A6FEC1A227095F88008EF3C8;
			productRefGroup = A6FEC1AC27095F88008EF3C8 /* Products */;
			projectDirPath = "";
			projectRoot = "";
			targets = (
				A6FEC1AA27095F88008EF3C8 /* HandyScanner */,
			);
		};
/* End PBXProject section */

/* Begin PBXResourcesBuildPhase section */
		A6FEC1A927095F88008EF3C8 /* Resources */ = {
			isa = PBXResourcesBuildPhase;
			buildActionMask = 2147483647;
			files = (
				A6A7134B2709E8060088E169 /* scan_audio.wav in Resources */,
				A6FEC1BB27095F89008EF3C8 /* LaunchScreen.storyboard in Resources */,
				A6FEC1B827095F89008EF3C8 /* Assets.xcassets in Resources */,
			);
			runOnlyForDeploymentPostprocessing = 0;
		};
/* End PBXResourcesBuildPhase section */

/* Begin PBXSourcesBuildPhase section */
		A6FEC1A727095F88008EF3C8 /* Sources */ = {
			isa = PBXSourcesBuildPhase;
			buildActionMask = 2147483647;
			files = (
				A6FEC1B327095F88008EF3C8 /* ViewController.swift in Sources */,
				A6FEC1AF27095F88008EF3C8 /* AppDelegate.swift in Sources */,
				A6FEC1C327096090008EF3C8 /* HandyScannerViewController.swift in Sources */,
			);
			runOnlyForDeploymentPostprocessing = 0;
		};
/* End PBXSourcesBuildPhase section */

/* Begin PBXVariantGroup section */
		A6FEC1B927095F89008EF3C8 /* LaunchScreen.storyboard */ = {
			isa = PBXVariantGroup;
			children = (
				A6FEC1BA27095F89008EF3C8 /* Base */,
			);
			name = LaunchScreen.storyboard;
			sourceTree = "<group>";
		};
/* End PBXVariantGroup section */

/* Begin XCBuildConfiguration section */
		A6FEC1BD27095F89008EF3C8 /* Debug */ = {
			isa = XCBuildConfiguration;
			buildSettings = {
				ALWAYS_SEARCH_USER_PATHS = NO;
				CLANG_ANALYZER_NONNULL = YES;
				CLANG_ANALYZER_NUMBER_OBJECT_CONVERSION = YES_AGGRESSIVE;
				CLANG_CXX_LANGUAGE_STANDARD = "gnu++17";
				CLANG_CXX_LIBRARY = "libc++";
				CLANG_ENABLE_MODULES = YES;
				CLANG_ENABLE_OBJC_ARC = YES;
				CLANG_ENABLE_OBJC_WEAK = YES;
				CLANG_WARN_BLOCK_CAPTURE_AUTORELEASING = YES;
				CLANG_WARN_BOOL_CONVERSION = YES;
				CLANG_WARN_COMMA = YES;
				CLANG_WARN_CONSTANT_CONVERSION = YES;
				CLANG_WARN_DEPRECATED_OBJC_IMPLEMENTATIONS = YES;
				CLANG_WARN_DIRECT_OBJC_ISA_USAGE = YES_ERROR;
				CLANG_WARN_DOCUMENTATION_COMMENTS = YES;
				CLANG_WARN_EMPTY_BODY = YES;
				CLANG_WARN_ENUM_CONVERSION = YES;
				CLANG_WARN_INFINITE_RECURSION = YES;
				CLANG_WARN_INT_CONVERSION = YES;
				CLANG_WARN_NON_LITERAL_NULL_CONVERSION = YES;
				CLANG_WARN_OBJC_IMPLICIT_RETAIN_SELF = YES;
				CLANG_WARN_OBJC_LITERAL_CONVERSION = YES;
				CLANG_WARN_OBJC_ROOT_CLASS = YES_ERROR;
				CLANG_WARN_QUOTED_INCLUDE_IN_FRAMEWORK_HEADER = YES;
				CLANG_WARN_RANGE_LOOP_ANALYSIS = YES;
				CLANG_WARN_STRICT_PROTOTYPES = YES;
				CLANG_WARN_SUSPICIOUS_MOVE = YES;
				CLANG_WARN_UNGUARDED_AVAILABILITY = YES_AGGRESSIVE;
				CLANG_WARN_UNREACHABLE_CODE = YES;
				CLANG_WARN__DUPLICATE_METHOD_MATCH = YES;
				COPY_PHASE_STRIP = NO;
				DEBUG_INFORMATION_FORMAT = dwarf;
				ENABLE_STRICT_OBJC_MSGSEND = YES;
				ENABLE_TESTABILITY = YES;
				GCC_C_LANGUAGE_STANDARD = gnu11;
				GCC_DYNAMIC_NO_PIC = NO;
				GCC_NO_COMMON_BLOCKS = YES;
				GCC_OPTIMIZATION_LEVEL = 0;
				GCC_PREPROCESSOR_DEFINITIONS = (
					"DEBUG=1",
					"$(inherited)",
				);
				GCC_WARN_64_TO_32_BIT_CONVERSION = YES;
				GCC_WARN_ABOUT_RETURN_TYPE = YES_ERROR;
				GCC_WARN_UNDECLARED_SELECTOR = YES;
				GCC_WARN_UNINITIALIZED_AUTOS = YES_AGGRESSIVE;
				GCC_WARN_UNUSED_FUNCTION = YES;
				GCC_WARN_UNUSED_VARIABLE = YES;
				IPHONEOS_DEPLOYMENT_TARGET = 15.0;
				MTL_ENABLE_DEBUG_INFO = INCLUDE_SOURCE;
				MTL_FAST_MATH = YES;
				ONLY_ACTIVE_ARCH = YES;
				SDKROOT = iphoneos;
				SWIFT_ACTIVE_COMPILATION_CONDITIONS = DEBUG;
				SWIFT_OPTIMIZATION_LEVEL = "-Onone";
			};
			name = Debug;
		};
		A6FEC1BE27095F89008EF3C8 /* Release */ = {
			isa = XCBuildConfiguration;
			buildSettings = {
				ALWAYS_SEARCH_USER_PATHS = NO;
				CLANG_ANALYZER_NONNULL = YES;
				CLANG_ANALYZER_NUMBER_OBJECT_CONVERSION = YES_AGGRESSIVE;
				CLANG_CXX_LANGUAGE_STANDARD = "gnu++17";
				CLANG_CXX_LIBRARY = "libc++";
				CLANG_ENABLE_MODULES = YES;
				CLANG_ENABLE_OBJC_ARC = YES;
				CLANG_ENABLE_OBJC_WEAK = YES;
				CLANG_WARN_BLOCK_CAPTURE_AUTORELEASING = YES;
				CLANG_WARN_BOOL_CONVERSION = YES;
				CLANG_WARN_COMMA = YES;
				CLANG_WARN_CONSTANT_CONVERSION = YES;
				CLANG_WARN_DEPRECATED_OBJC_IMPLEMENTATIONS = YES;
				CLANG_WARN_DIRECT_OBJC_ISA_USAGE = YES_ERROR;
				CLANG_WARN_DOCUMENTATION_COMMENTS = YES;
				CLANG_WARN_EMPTY_BODY = YES;
				CLANG_WARN_ENUM_CONVERSION = YES;
				CLANG_WARN_INFINITE_RECURSION = YES;
				CLANG_WARN_INT_CONVERSION = YES;
				CLANG_WARN_NON_LITERAL_NULL_CONVERSION = YES;
				CLANG_WARN_OBJC_IMPLICIT_RETAIN_SELF = YES;
				CLANG_WARN_OBJC_LITERAL_CONVERSION = YES;
				CLANG_WARN_OBJC_ROOT_CLASS = YES_ERROR;
				CLANG_WARN_QUOTED_INCLUDE_IN_FRAMEWORK_HEADER = YES;
				CLANG_WARN_RANGE_LOOP_ANALYSIS = YES;
				CLANG_WARN_STRICT_PROTOTYPES = YES;
				CLANG_WARN_SUSPICIOUS_MOVE = YES;
				CLANG_WARN_UNGUARDED_AVAILABILITY = YES_AGGRESSIVE;
				CLANG_WARN_UNREACHABLE_CODE = YES;
				CLANG_WARN__DUPLICATE_METHOD_MATCH = YES;
				COPY_PHASE_STRIP = NO;
				DEBUG_INFORMATION_FORMAT = "dwarf-with-dsym";
				ENABLE_NS_ASSERTIONS = NO;
				ENABLE_STRICT_OBJC_MSGSEND = YES;
				GCC_C_LANGUAGE_STANDARD = gnu11;
				GCC_NO_COMMON_BLOCKS = YES;
				GCC_WARN_64_TO_32_BIT_CONVERSION = YES;
				GCC_WARN_ABOUT_RETURN_TYPE = YES_ERROR;
				GCC_WARN_UNDECLARED_SELECTOR = YES;
				GCC_WARN_UNINITIALIZED_AUTOS = YES_AGGRESSIVE;
				GCC_WARN_UNUSED_FUNCTION = YES;
				GCC_WARN_UNUSED_VARIABLE = YES;
				IPHONEOS_DEPLOYMENT_TARGET = 15.0;
				MTL_ENABLE_DEBUG_INFO = NO;
				MTL_FAST_MATH = YES;
				SDKROOT = iphoneos;
				SWIFT_COMPILATION_MODE = wholemodule;
				SWIFT_OPTIMIZATION_LEVEL = "-O";
				VALIDATE_PRODUCT = YES;
			};
			name = Release;
		};
		A6FEC1C027095F89008EF3C8 /* Debug */ = {
			isa = XCBuildConfiguration;
			buildSettings = {
				ALWAYS_SEARCH_USER_PATHS = NO;
				ARCHS = "$(ARCHS_STANDARD)";
				ASSETCATALOG_COMPILER_APPICON_NAME = AppIcon;
				ASSETCATALOG_COMPILER_GLOBAL_ACCENT_COLOR_NAME = "";
				CODE_SIGN_STYLE = Automatic;
				CURRENT_PROJECT_VERSION = 1;
				DEVELOPMENT_TEAM = 5562HFJV8D;
				EXCLUDED_ARCHS = "";
				FRAMEWORK_SEARCH_PATHS = (
					"$(inherited)",
					"$(PROJECT_DIR)/HandyScanner",
					"\"$(SRCROOT)/../../lib\"",
				);
				GENERATE_INFOPLIST_FILE = YES;
				INFOPLIST_FILE = HandyScanner/Info.plist;
				INFOPLIST_KEY_NSCameraUsageDescription = "授权使用系统相机";
				INFOPLIST_KEY_UIApplicationSupportsIndirectInputEvents = YES;
				INFOPLIST_KEY_UILaunchStoryboardName = LaunchScreen;
				INFOPLIST_KEY_UIStatusBarHidden = NO;
				INFOPLIST_KEY_UISupportedInterfaceOrientations = UIInterfaceOrientationPortrait;
				INFOPLIST_KEY_UISupportedInterfaceOrientations_iPad = "UIInterfaceOrientationPortrait UIInterfaceOrientationPortraitUpsideDown UIInterfaceOrientationLandscapeLeft UIInterfaceOrientationLandscapeRight";
				INFOPLIST_KEY_UISupportedInterfaceOrientations_iPhone = "UIInterfaceOrientationPortrait UIInterfaceOrientationLandscapeLeft UIInterfaceOrientationLandscapeRight";
				IPHONEOS_DEPLOYMENT_TARGET = 10.0;
				LD_RUNPATH_SEARCH_PATHS = (
					"$(inherited)",
					"@executable_path/Frameworks",
				);
				MARKETING_VERSION = 0.1.1;
				ONLY_ACTIVE_ARCH = YES;
				PRODUCT_BUNDLE_IDENTIFIER = com.well.HandyScanner;
				PRODUCT_NAME = "$(TARGET_NAME)";
				SWIFT_EMIT_LOC_STRINGS = YES;
				SWIFT_VERSION = 5.0;
				TARGETED_DEVICE_FAMILY = "1,2";
				VALIDATE_WORKSPACE = YES;
			};
			name = Debug;
		};
		A6FEC1C127095F89008EF3C8 /* Release */ = {
			isa = XCBuildConfiguration;
			buildSettings = {
				ALWAYS_SEARCH_USER_PATHS = NO;
				ARCHS = "$(ARCHS_STANDARD)";
				ASSETCATALOG_COMPILER_APPICON_NAME = AppIcon;
				ASSETCATALOG_COMPILER_GLOBAL_ACCENT_COLOR_NAME = "";
				CODE_SIGN_STYLE = Automatic;
				CURRENT_PROJECT_VERSION = 1;
				DEVELOPMENT_TEAM = 5562HFJV8D;
				EXCLUDED_ARCHS = "";
				"EXCLUDED_ARCHS[sdk=iphonesimulator*]" = arm64;
				FRAMEWORK_SEARCH_PATHS = (
					"$(inherited)",
					"$(PROJECT_DIR)/HandyScanner",
					"\"$(SRCROOT)/../../lib\"",
				);
				GENERATE_INFOPLIST_FILE = YES;
				INFOPLIST_FILE = HandyScanner/Info.plist;
				INFOPLIST_KEY_NSCameraUsageDescription = "授权使用系统相机";
				INFOPLIST_KEY_UIApplicationSupportsIndirectInputEvents = YES;
				INFOPLIST_KEY_UILaunchStoryboardName = LaunchScreen;
				INFOPLIST_KEY_UIStatusBarHidden = NO;
				INFOPLIST_KEY_UISupportedInterfaceOrientations = UIInterfaceOrientationPortrait;
				INFOPLIST_KEY_UISupportedInterfaceOrientations_iPad = "UIInterfaceOrientationPortrait UIInterfaceOrientationPortraitUpsideDown UIInterfaceOrientationLandscapeLeft UIInterfaceOrientationLandscapeRight";
				INFOPLIST_KEY_UISupportedInterfaceOrientations_iPhone = "UIInterfaceOrientationPortrait UIInterfaceOrientationLandscapeLeft UIInterfaceOrientationLandscapeRight";
				IPHONEOS_DEPLOYMENT_TARGET = 10.0;
				LD_RUNPATH_SEARCH_PATHS = (
					"$(inherited)",
					"@executable_path/Frameworks",
				);
				MARKETING_VERSION = 0.1.1;
				ONLY_ACTIVE_ARCH = YES;
				PRODUCT_BUNDLE_IDENTIFIER = com.well.HandyScanner;
				PRODUCT_NAME = "$(TARGET_NAME)";
				SWIFT_EMIT_LOC_STRINGS = YES;
				SWIFT_VERSION = 5.0;
				TARGETED_DEVICE_FAMILY = "1,2";
				VALIDATE_WORKSPACE = YES;
			};
			name = Release;
		};
/* End XCBuildConfiguration section */

/* Begin XCConfigurationList section */
		A6FEC1A627095F88008EF3C8 /* Build configuration list for PBXProject "HandyScanner" */ = {
			isa = XCConfigurationList;
			buildConfigurations = (
				A6FEC1BD27095F89008EF3C8 /* Debug */,
				A6FEC1BE27095F89008EF3C8 /* Release */,
			);
			defaultConfigurationIsVisible = 0;
			defaultConfigurationName = Release;
		};
		A6FEC1BF27095F89008EF3C8 /* Build configuration list for PBXNativeTarget "HandyScanner" */ = {
			isa = XCConfigurationList;
			buildConfigurations = (
				A6FEC1C027095F89008EF3C8 /* Debug */,
				A6FEC1C127095F89008EF3C8 /* Release */,
			);
			defaultConfigurationIsVisible = 0;
			defaultConfigurationName = Release;
		};
/* End XCConfigurationList section */
	};
	rootObject = A6FEC1A327095F88008EF3C8 /* Project object */;
}
